
Microsoft Visual Studio Solution File, Format Version 12.00
# Visual Studio 15
VisualStudioVersion = 15.0.27428.2015
MinimumVisualStudioVersion = 10.0.40219.1
Project("{FAE04EC0-301F-11D3-BF4B-00C04F79EFBC}") = "Application.wepapi", "Application.wepapi\Application.wepapi.csproj", "{8680D37D-B8C8-41CE-8B7A-2968E7E57B06}"
EndProject
Project("{FAE04EC0-301F-11D3-BF4B-00C04F79EFBC}") = "ApplicationService", "ApplicationService\ApplicationService.csproj", "{602606E7-2096-481A-9E43-3C975E4D7A1B}"
EndProject
Project("{FAE04EC0-301F-11D3-BF4B-00C04F79EFBC}") = "Application.Data", "Application.Data\Application.Data.csproj", "{C1D517F3-57D5-4DE7-8059-1D9E7E3322C6}"
EndProject
Global
	GlobalSection(SolutionConfigurationPlatforms) = preSolution
		Debug|Any CPU = Debug|Any CPU
		Release|Any CPU = Release|Any CPU
	EndGlobalSection
	GlobalSection(ProjectConfigurationPlatforms) = postSolution
		{8680D37D-B8C8-41CE-8B7A-2968E7E57B06}.Debug|Any CPU.ActiveCfg = Debug|Any CPU
		{8680D37D-B8C8-41CE-8B7A-2968E7E57B06}.Debug|Any CPU.Build.0 = Debug|Any CPU
		{8680D37D-B8C8-41CE-8B7A-2968E7E57B06}.Release|Any CPU.ActiveCfg = Release|Any CPU
		{8680D37D-B8C8-41CE-8B7A-2968E7E57B06}.Release|Any CPU.Build.0 = Release|Any CPU
		{602606E7-2096-481A-9E43-3C975E4D7A1B}.Debug|Any CPU.ActiveCfg = Debug|Any CPU
		{602606E7-2096-481A-9E43-3C975E4D7A1B}.Debug|Any CPU.Build.0 = Debug|Any CPU
		{602606E7-2096-481A-9E43-3C975E4D7A1B}.Release|Any CPU.ActiveCfg = Release|Any CPU
		{602606E7-2096-481A-9E43-3C975E4D7A1B}.Release|Any CPU.Build.0 = Release|Any CPU
		{C1D517F3-57D5-4DE7-8059-1D9E7E3322C6}.Debug|Any CPU.ActiveCfg = Debug|Any CPU
		{C1D517F3-57D5-4DE7-8059-1D9E7E3322C6}.Debug|Any CPU.Build.0 = Debug|Any CPU
		{C1D517F3-57D5-4DE7-8059-1D9E7E3322C6}.Release|Any CPU.ActiveCfg = Release|Any CPU
		{C1D517F3-57D5-4DE7-8059-1D9E7E3322C6}.Release|Any CPU.Build.0 = Release|Any CPU
	EndGlobalSection
	GlobalSection(SolutionProperties) = preSolution
		HideSolutionNode = FALSE
	EndGlobalSection
	GlobalSection(ExtensibilityGlobals) = postSolution
		SolutionGuid = {438A7E58-5A2B-4061-963F-7D4A8A45D35B}
	EndGlobalSection
EndGlobal
